
Microsoft Visual Studio Solution File, Format Version 12.00
# Visual Studio Version 17
VisualStudioVersion = 17.5.002.0
MinimumVisualStudioVersion = 10.0.40219.1
Project("{9A19103F-16F7-4668-BE54-9A1E7A4F7556}") = "bleak.Martech.SalesforceMarketingCloud", "bleak.Martech.SalesforceMarketingCloud\bleak.Martech.SalesforceMarketingCloud.csproj", "{F1D9D925-1B40-4451-AAC2-4AF1D39ADBBE}"
EndProject
Project("{FAE04EC0-301F-11D3-BF4B-00C04F79EFBC}") = "bleak.Martech.SalesforceMarketingCloud.Tests", "bleak.Martech.SalesforceMarketingCloud.Tests\bleak.Martech.SalesforceMarketingCloud.Tests.csproj", "{B82B8027-091E-47C5-976D-8099C23DEA7D}"
EndProject
Project("{FAE04EC0-301F-11D3-BF4B-00C04F79EFBC}") = "bleak.Martech.SalesforceMarketingCloud.Console", "bleak.Martech.SalesforceMarketingCloud.Console\bleak.Martech.SalesforceMarketingCloud.Console.csproj", "{737BFD30-B56C-422B-9C66-DC08A3946617}"
EndProject
Global
	GlobalSection(SolutionConfigurationPlatforms) = preSolution
		Debug|Any CPU = Debug|Any CPU
		Release|Any CPU = Release|Any CPU
	EndGlobalSection
	GlobalSection(ProjectConfigurationPlatforms) = postSolution
		{F1D9D925-1B40-4451-AAC2-4AF1D39ADBBE}.Debug|Any CPU.ActiveCfg = Debug|Any CPU
		{F1D9D925-1B40-4451-AAC2-4AF1D39ADBBE}.Debug|Any CPU.Build.0 = Debug|Any CPU
		{F1D9D925-1B40-4451-AAC2-4AF1D39ADBBE}.Release|Any CPU.ActiveCfg = Release|Any CPU
		{F1D9D925-1B40-4451-AAC2-4AF1D39ADBBE}.Release|Any CPU.Build.0 = Release|Any CPU
		{B82B8027-091E-47C5-976D-8099C23DEA7D}.Debug|Any CPU.ActiveCfg = Debug|Any CPU
		{B82B8027-091E-47C5-976D-8099C23DEA7D}.Debug|Any CPU.Build.0 = Debug|Any CPU
		{B82B8027-091E-47C5-976D-8099C23DEA7D}.Release|Any CPU.ActiveCfg = Release|Any CPU
		{B82B8027-091E-47C5-976D-8099C23DEA7D}.Release|Any CPU.Build.0 = Release|Any CPU
		{737BFD30-B56C-422B-9C66-DC08A3946617}.Debug|Any CPU.ActiveCfg = Debug|Any CPU
		{737BFD30-B56C-422B-9C66-DC08A3946617}.Debug|Any CPU.Build.0 = Debug|Any CPU
		{737BFD30-B56C-422B-9C66-DC08A3946617}.Release|Any CPU.ActiveCfg = Release|Any CPU
		{737BFD30-B56C-422B-9C66-DC08A3946617}.Release|Any CPU.Build.0 = Release|Any CPU
	EndGlobalSection
	GlobalSection(SolutionProperties) = preSolution
		HideSolutionNode = FALSE
	EndGlobalSection
	GlobalSection(ExtensibilityGlobals) = postSolution
		SolutionGuid = {08AE72B1-D469-4A65-9A40-103E2425C8FD}
	EndGlobalSection
EndGlobal
